
Microsoft Visual Studio Solution File, Format Version 12.00
# Visual Studio Version 17
VisualStudioVersion = 17.0.31903.59
MinimumVisualStudioVersion = 10.0.40219.1
Project("{2150E333-8FDC-42A3-9474-1A3956D46DE8}") = "apps", "apps", "{268CF6A7-C594-4479-9E8C-416E2E019D87}"
EndProject
Project("{2150E333-8FDC-42A3-9474-1A3956D46DE8}") = "libs", "libs", "{DCF673B4-820A-481E-BB5E-3CE6B4A1B39A}"
EndProject
Project("{2150E333-8FDC-42A3-9474-1A3956D46DE8}") = "shared", "shared", "{37887E29-4FD9-46AD-914E-5F38D82AEA36}"
EndProject
Project("{FAE04EC0-301F-11D3-BF4B-00C04F79EFBC}") = "MicraPro.Backend", "apps\backend\MicraPro.Backend.csproj", "{684D345A-BB22-49D3-8091-69973070D347}"
EndProject
Project("{FAE04EC0-301F-11D3-BF4B-00C04F79EFBC}") = "MicraPro.Backend.Test", "apps\backend-test\MicraPro.Backend.Test.csproj", "{5670F998-CE87-4856-BBD6-230A35DEC035}"
EndProject
Project("{FAE04EC0-301F-11D3-BF4B-00C04F79EFBC}") = "MicraPro.Shared.DataDefinitionGraphQl", "libs\shared\data-definition-graphql\MicraPro.Shared.DataDefinitionGraphQl.csproj", "{A7CEB3D7-D527-451B-B2EC-67B1B22D260D}"
EndProject
Project("{FAE04EC0-301F-11D3-BF4B-00C04F79EFBC}") = "MicraPro.Shared.DataProviderGraphQl", "libs\shared\data-provider-graphql\MicraPro.Shared.DataProviderGraphQl.csproj", "{B62F925D-DE42-49DF-8159-8153B59B362F}"
EndProject
Project("{FAE04EC0-301F-11D3-BF4B-00C04F79EFBC}") = "MicraPro.Shared.DataProviderGraphQl.Test", "libs\shared\data-provider-graphql-test\MicraPro.Shared.DataProviderGraphQl.Test.csproj", "{E206DF31-6DEA-40DF-80D3-D9991CBAB4C8}"
EndProject
Project("{FAE04EC0-301F-11D3-BF4B-00C04F79EFBC}") = "MicraPro.Shared.Domain", "libs\shared\domain\MicraPro.Shared.Domain.csproj", "{F0C1DCA4-C8C2-441D-ADF7-CDF73F51B5CE}"
EndProject
Project("{FAE04EC0-301F-11D3-BF4B-00C04F79EFBC}") = "MicraPro.Shared.Infrastructure", "libs\shared\infrastructure\MicraPro.Shared.Infrastructure.csproj", "{CD8210BC-6CD0-4BE1-8F92-FAE7540714DA}"
EndProject
Project("{FAE04EC0-301F-11D3-BF4B-00C04F79EFBC}") = "MicraPro.Shared.UtilsDotnet", "libs\shared\utils-dotnet\MicraPro.Shared.UtilsDotnet.csproj", "{9F10A9D9-0C8B-46F7-994A-D7E0164CA180}"
EndProject
Project("{2150E333-8FDC-42A3-9474-1A3956D46DE8}") = "scale-management", "scale-management", "{01F714AE-4F17-48B6-8458-DCCD2F75438D}"
EndProject
Project("{FAE04EC0-301F-11D3-BF4B-00C04F79EFBC}") = "MicraPro.ScaleManagement.DataProviderGraphQl", "libs\scale-management\data-provider-graphql\MicraPro.ScaleManagement.DataProviderGraphQl.csproj", "{FE1B0675-367D-4E6B-8F47-1D67F745EA4C}"
EndProject
Project("{FAE04EC0-301F-11D3-BF4B-00C04F79EFBC}") = "MicraPro.ScaleManagement.DataDefinition", "libs\scale-management\data-definition\MicraPro.ScaleManagement.DataDefinition.csproj", "{887A45A0-C164-4344-A552-631CD3595955}"
EndProject
Project("{FAE04EC0-301F-11D3-BF4B-00C04F79EFBC}") = "MicraPro.ScaleManagement.DataDefinitionGraphQl", "libs\scale-management\data-definition-graphql\MicraPro.ScaleManagement.DataDefinitionGraphQl.csproj", "{BE42C31E-31E2-45A6-A556-92A12A8A9321}"
EndProject
Project("{FAE04EC0-301F-11D3-BF4B-00C04F79EFBC}") = "MicraPro.ScaleManagement.Domain", "libs\scale-management\domain\MicraPro.ScaleManagement.Domain.csproj", "{2C9346EB-8002-4BE3-ADA5-91A54FF43A6D}"
EndProject
Project("{FAE04EC0-301F-11D3-BF4B-00C04F79EFBC}") = "MicraPro.ScaleManagement.Domain.Test", "libs\scale-management\domain-test\MicraPro.ScaleManagement.Domain.Test.csproj", "{FC14E23D-F8DB-4950-AD20-A86E717E0C98}"
EndProject
Project("{FAE04EC0-301F-11D3-BF4B-00C04F79EFBC}") = "MicraPro.ScaleManagement.Infrastructure", "libs\scale-management\infrastructure\MicraPro.ScaleManagement.Infrastructure.csproj", "{D8CA9EDF-D70D-4663-B922-4EB87A2C1797}"
EndProject
Project("{FAE04EC0-301F-11D3-BF4B-00C04F79EFBC}") = "MicraPro.ScaleManagement.Infrastructure.Test", "libs\scale-management\infrastructure-test\MicraPro.ScaleManagement.Infrastructure.Test.csproj", "{DFD30E8D-EED1-4195-B040-B945924BDA5E}"
EndProject
Project("{2150E333-8FDC-42A3-9474-1A3956D46DE8}") = "bean-management", "bean-management", "{75BA6934-4091-42F0-A4F0-3DA0121C9B34}"
EndProject
Project("{FAE04EC0-301F-11D3-BF4B-00C04F79EFBC}") = "MicraPro.BeanManagement.DataDefinition", "libs\bean-management\data-definition\MicraPro.BeanManagement.DataDefinition.csproj", "{C325E532-6E56-48EF-900A-A3E3CD8FC240}"
EndProject
Project("{FAE04EC0-301F-11D3-BF4B-00C04F79EFBC}") = "MicraPro.BeanManagement.DataDefinitionGraphQl", "libs\bean-management\data-definition-graphql\MicraPro.BeanManagement.DataDefinitionGraphQl.csproj", "{A073B5BC-60C9-4BA1-8AF2-5898A793CA73}"
EndProject
Project("{FAE04EC0-301F-11D3-BF4B-00C04F79EFBC}") = "MicraPro.BeanManagement.DataProviderGraphQl", "libs\bean-management\data-provider-graphql\MicraPro.BeanManagement.DataProviderGraphQl.csproj", "{90DEA2E8-6E87-4CCC-9D92-A15E42326981}"
EndProject
Project("{FAE04EC0-301F-11D3-BF4B-00C04F79EFBC}") = "MicraPro.BeanManagement.Domain", "libs\bean-management\domain\MicraPro.BeanManagement.Domain.csproj", "{F6871925-FFF5-492C-93D3-702E0C3B1070}"
EndProject
Project("{FAE04EC0-301F-11D3-BF4B-00C04F79EFBC}") = "MicraPro.BeanManagement.Domain.Test", "libs\bean-management\domain-test\MicraPro.BeanManagement.Domain.Test.csproj", "{9F7770D4-8F40-46D9-A134-9EFB262C31C0}"
EndProject
Project("{FAE04EC0-301F-11D3-BF4B-00C04F79EFBC}") = "MicraPro.BeanManagement.Infrastructure", "libs\bean-management\infrastructure\MicraPro.BeanManagement.Infrastructure.csproj", "{CA77C244-22E3-4229-8C52-0F06C8288FDF}"
EndProject
Project("{FAE04EC0-301F-11D3-BF4B-00C04F79EFBC}") = "MicraPro.BeanManagement.Infrastructure.Test", "libs\bean-management\infrastructure-test\MicraPro.BeanManagement.Infrastructure.Test.csproj", "{1519ECC7-D4A4-4516-847A-FBF4A5E195F1}"
EndProject
Project("{2150E333-8FDC-42A3-9474-1A3956D46DE8}") = "asset-management", "asset-management", "{38379C4B-4E14-4AAC-BA62-AB6446DC53BC}"
EndProject
Project("{FAE04EC0-301F-11D3-BF4B-00C04F79EFBC}") = "MicraPro.AssetManagement.DataDefinition", "libs\asset-management\data-definition\MicraPro.AssetManagement.DataDefinition.csproj", "{185F1DDB-6C38-414B-90A0-1A560DDFDFF5}"
EndProject
Project("{FAE04EC0-301F-11D3-BF4B-00C04F79EFBC}") = "MicraPro.AssetManagement.DataDefinitionGraphQl", "libs\asset-management\data-definition-graphql\MicraPro.AssetManagement.DataDefinitionGraphQl.csproj", "{C59CF4D3-0397-4DC4-B270-C397DF550DA9}"
EndProject
Project("{FAE04EC0-301F-11D3-BF4B-00C04F79EFBC}") = "MicraPro.AssetManagement.DataProviderGraphQl", "libs\asset-management\data-provider-graphql\MicraPro.AssetManagement.DataProviderGraphQl.csproj", "{92406CD2-9270-4397-949C-75E8568A0416}"
EndProject
Project("{FAE04EC0-301F-11D3-BF4B-00C04F79EFBC}") = "MicraPro.AssetManagement.Domain", "libs\asset-management\domain\MicraPro.AssetManagement.Domain.csproj", "{73D7AC5E-39DF-46F6-B222-6560C6498570}"
EndProject
Project("{FAE04EC0-301F-11D3-BF4B-00C04F79EFBC}") = "MicraPro.AssetManagement.Domain.Test", "libs\asset-management\domain-test\MicraPro.AssetManagement.Domain.Test.csproj", "{64BA7976-382E-482A-8D37-7DE691C5F779}"
EndProject
Project("{FAE04EC0-301F-11D3-BF4B-00C04F79EFBC}") = "MicraPro.AssetManagement.Infrastructure", "libs\asset-management\infrastructure\MicraPro.AssetManagement.Infrastructure.csproj", "{7A81D062-CE54-45BD-B829-3473862A3E6F}"
EndProject
Project("{FAE04EC0-301F-11D3-BF4B-00C04F79EFBC}") = "MicraPro.AssetManagement.Infrastructure.Test", "libs\asset-management\infrastructure-test\MicraPro.AssetManagement.Infrastructure.Test.csproj", "{612C7BC5-9C1F-4210-962C-FD55C93E465E}"
EndProject
Project("{2150E333-8FDC-42A3-9474-1A3956D46DE8}") = "brew-by-weight", "brew-by-weight", "{E2E24C92-78EF-4059-948A-F421849A885C}"
EndProject
Project("{FAE04EC0-301F-11D3-BF4B-00C04F79EFBC}") = "MicraPro.BrewByWeight.DataDefinition", "libs\brew-by-weight\data-definition\MicraPro.BrewByWeight.DataDefinition.csproj", "{799C8C15-2183-41A1-A95B-FC03BCB20306}"
EndProject
Project("{FAE04EC0-301F-11D3-BF4B-00C04F79EFBC}") = "MicraPro.BrewByWeight.DataDefinitionGraphQl", "libs\brew-by-weight\data-definition-graphql\MicraPro.BrewByWeight.DataDefinitionGraphQl.csproj", "{A1ABBB0D-5D56-4DC5-B5E8-9BA37E9E5F7B}"
EndProject
Project("{FAE04EC0-301F-11D3-BF4B-00C04F79EFBC}") = "MicraPro.BrewByWeight.DataProviderGraphQl", "libs\brew-by-weight\data-provider-graphql\MicraPro.BrewByWeight.DataProviderGraphQl.csproj", "{57854B9B-1D22-475D-B3A6-982686699801}"
EndProject
Project("{FAE04EC0-301F-11D3-BF4B-00C04F79EFBC}") = "MicraPro.BrewByWeight.Domain", "libs\brew-by-weight\domain\MicraPro.BrewByWeight.Domain.csproj", "{1976864F-C95A-4CA3-A90B-8797DAA6B50D}"
EndProject
Project("{FAE04EC0-301F-11D3-BF4B-00C04F79EFBC}") = "MicraPro.BrewByWeight.Domain.Test", "libs\brew-by-weight\domain-test\MicraPro.BrewByWeight.Domain.Test.csproj", "{B1BE95B7-C66A-4A78-A3D9-86E3CC0E7BFF}"
EndProject
Project("{FAE04EC0-301F-11D3-BF4B-00C04F79EFBC}") = "MicraPro.BrewByWeight.Infrastructure", "libs\brew-by-weight\infrastructure\MicraPro.BrewByWeight.Infrastructure.csproj", "{0E3C2FF5-ADE5-4A44-B753-118E01BA16D3}"
EndProject
Project("{FAE04EC0-301F-11D3-BF4B-00C04F79EFBC}") = "MicraPro.BrewByWeight.Infrastructure.Test", "libs\brew-by-weight\infrastructure-test\MicraPro.BrewByWeight.Infrastructure.Test.csproj", "{AEB25323-3D39-49A3-A7A9-B817298339D4}"
EndProject
Project("{2150E333-8FDC-42A3-9474-1A3956D46DE8}") = "cleaning", "cleaning", "{F164A8CC-F156-41E4-AD85-18B4E43F0B58}"
EndProject
Project("{FAE04EC0-301F-11D3-BF4B-00C04F79EFBC}") = "MicraPro.Cleaning.DataDefinition", "libs\cleaning\data-definition\MicraPro.Cleaning.DataDefinition.csproj", "{618216B2-ACF1-485E-9CD6-24957D9E8EC0}"
EndProject
Project("{FAE04EC0-301F-11D3-BF4B-00C04F79EFBC}") = "MicraPro.Cleaning.DataDefinitionGraphQl", "libs\cleaning\data-definition-graphql\MicraPro.Cleaning.DataDefinitionGraphQl.csproj", "{C7FB5DD8-E386-46E1-9961-BA1084ADE51D}"
EndProject
Project("{FAE04EC0-301F-11D3-BF4B-00C04F79EFBC}") = "MicraPro.Cleaning.DataProviderGraphQl", "libs\cleaning\data-provider-graphql\MicraPro.Cleaning.DataProviderGraphQl.csproj", "{4E982795-00EC-48FF-B4BC-7C80E338BDDE}"
EndProject
Project("{FAE04EC0-301F-11D3-BF4B-00C04F79EFBC}") = "MicraPro.Cleaning.Domain", "libs\cleaning\domain\MicraPro.Cleaning.Domain.csproj", "{583B0B55-E842-4963-8546-C03201F1D0C1}"
EndProject
Project("{FAE04EC0-301F-11D3-BF4B-00C04F79EFBC}") = "MicraPro.Cleaning.Domain.Test", "libs\cleaning\domain-test\MicraPro.Cleaning.Domain.Test.csproj", "{C398B237-7841-490C-9C50-62C3F39772FE}"
EndProject
Project("{FAE04EC0-301F-11D3-BF4B-00C04F79EFBC}") = "MicraPro.Cleaning.Infrastructure", "libs\cleaning\infrastructure\MicraPro.Cleaning.Infrastructure.csproj", "{E465C866-0996-4AD4-AA6B-61082B8920CE}"
EndProject
Project("{FAE04EC0-301F-11D3-BF4B-00C04F79EFBC}") = "MicraPro.Cleaning.Infrastructure.Test", "libs\cleaning\infrastructure-test\MicraPro.Cleaning.Infrastructure.Test.csproj", "{6B23A924-C643-49D5-82E7-25D6884D8162}"
EndProject
Global
	GlobalSection(SolutionConfigurationPlatforms) = preSolution
		Debug|Any CPU = Debug|Any CPU
		Release|Any CPU = Release|Any CPU
	EndGlobalSection
	GlobalSection(ProjectConfigurationPlatforms) = postSolution
		HideSolutionNode = FALSE
		{684D345A-BB22-49D3-8091-69973070D347}.Debug|Any CPU.ActiveCfg = Debug|Any CPU
		{684D345A-BB22-49D3-8091-69973070D347}.Debug|Any CPU.Build.0 = Debug|Any CPU
		{684D345A-BB22-49D3-8091-69973070D347}.Release|Any CPU.ActiveCfg = Release|Any CPU
		{684D345A-BB22-49D3-8091-69973070D347}.Release|Any CPU.Build.0 = Release|Any CPU
		{5670F998-CE87-4856-BBD6-230A35DEC035}.Debug|Any CPU.ActiveCfg = Debug|Any CPU
		{5670F998-CE87-4856-BBD6-230A35DEC035}.Debug|Any CPU.Build.0 = Debug|Any CPU
		{5670F998-CE87-4856-BBD6-230A35DEC035}.Release|Any CPU.ActiveCfg = Release|Any CPU
		{5670F998-CE87-4856-BBD6-230A35DEC035}.Release|Any CPU.Build.0 = Release|Any CPU
		{A7CEB3D7-D527-451B-B2EC-67B1B22D260D}.Debug|Any CPU.ActiveCfg = Debug|Any CPU
		{A7CEB3D7-D527-451B-B2EC-67B1B22D260D}.Debug|Any CPU.Build.0 = Debug|Any CPU
		{A7CEB3D7-D527-451B-B2EC-67B1B22D260D}.Release|Any CPU.ActiveCfg = Release|Any CPU
		{A7CEB3D7-D527-451B-B2EC-67B1B22D260D}.Release|Any CPU.Build.0 = Release|Any CPU
		{B62F925D-DE42-49DF-8159-8153B59B362F}.Debug|Any CPU.ActiveCfg = Debug|Any CPU
		{B62F925D-DE42-49DF-8159-8153B59B362F}.Debug|Any CPU.Build.0 = Debug|Any CPU
		{B62F925D-DE42-49DF-8159-8153B59B362F}.Release|Any CPU.ActiveCfg = Release|Any CPU
		{B62F925D-DE42-49DF-8159-8153B59B362F}.Release|Any CPU.Build.0 = Release|Any CPU
		{E206DF31-6DEA-40DF-80D3-D9991CBAB4C8}.Debug|Any CPU.ActiveCfg = Debug|Any CPU
		{E206DF31-6DEA-40DF-80D3-D9991CBAB4C8}.Debug|Any CPU.Build.0 = Debug|Any CPU
		{E206DF31-6DEA-40DF-80D3-D9991CBAB4C8}.Release|Any CPU.ActiveCfg = Release|Any CPU
		{E206DF31-6DEA-40DF-80D3-D9991CBAB4C8}.Release|Any CPU.Build.0 = Release|Any CPU
		{F0C1DCA4-C8C2-441D-ADF7-CDF73F51B5CE}.Debug|Any CPU.ActiveCfg = Debug|Any CPU
		{F0C1DCA4-C8C2-441D-ADF7-CDF73F51B5CE}.Debug|Any CPU.Build.0 = Debug|Any CPU
		{F0C1DCA4-C8C2-441D-ADF7-CDF73F51B5CE}.Release|Any CPU.ActiveCfg = Release|Any CPU
		{F0C1DCA4-C8C2-441D-ADF7-CDF73F51B5CE}.Release|Any CPU.Build.0 = Release|Any CPU
		{CD8210BC-6CD0-4BE1-8F92-FAE7540714DA}.Debug|Any CPU.ActiveCfg = Debug|Any CPU
		{CD8210BC-6CD0-4BE1-8F92-FAE7540714DA}.Debug|Any CPU.Build.0 = Debug|Any CPU
		{CD8210BC-6CD0-4BE1-8F92-FAE7540714DA}.Release|Any CPU.ActiveCfg = Release|Any CPU
		{CD8210BC-6CD0-4BE1-8F92-FAE7540714DA}.Release|Any CPU.Build.0 = Release|Any CPU
		{9F10A9D9-0C8B-46F7-994A-D7E0164CA180}.Debug|Any CPU.ActiveCfg = Debug|Any CPU
		{9F10A9D9-0C8B-46F7-994A-D7E0164CA180}.Debug|Any CPU.Build.0 = Debug|Any CPU
		{9F10A9D9-0C8B-46F7-994A-D7E0164CA180}.Release|Any CPU.ActiveCfg = Release|Any CPU
		{9F10A9D9-0C8B-46F7-994A-D7E0164CA180}.Release|Any CPU.Build.0 = Release|Any CPU
		{FE1B0675-367D-4E6B-8F47-1D67F745EA4C}.Debug|Any CPU.ActiveCfg = Debug|Any CPU
		{FE1B0675-367D-4E6B-8F47-1D67F745EA4C}.Debug|Any CPU.Build.0 = Debug|Any CPU
		{FE1B0675-367D-4E6B-8F47-1D67F745EA4C}.Release|Any CPU.ActiveCfg = Release|Any CPU
		{FE1B0675-367D-4E6B-8F47-1D67F745EA4C}.Release|Any CPU.Build.0 = Release|Any CPU
		{887A45A0-C164-4344-A552-631CD3595955}.Debug|Any CPU.ActiveCfg = Debug|Any CPU
		{887A45A0-C164-4344-A552-631CD3595955}.Debug|Any CPU.Build.0 = Debug|Any CPU
		{887A45A0-C164-4344-A552-631CD3595955}.Release|Any CPU.ActiveCfg = Release|Any CPU
		{887A45A0-C164-4344-A552-631CD3595955}.Release|Any CPU.Build.0 = Release|Any CPU
		{BE42C31E-31E2-45A6-A556-92A12A8A9321}.Debug|Any CPU.ActiveCfg = Debug|Any CPU
		{BE42C31E-31E2-45A6-A556-92A12A8A9321}.Debug|Any CPU.Build.0 = Debug|Any CPU
		{BE42C31E-31E2-45A6-A556-92A12A8A9321}.Release|Any CPU.ActiveCfg = Release|Any CPU
		{BE42C31E-31E2-45A6-A556-92A12A8A9321}.Release|Any CPU.Build.0 = Release|Any CPU
		{2C9346EB-8002-4BE3-ADA5-91A54FF43A6D}.Debug|Any CPU.ActiveCfg = Debug|Any CPU
		{2C9346EB-8002-4BE3-ADA5-91A54FF43A6D}.Debug|Any CPU.Build.0 = Debug|Any CPU
		{2C9346EB-8002-4BE3-ADA5-91A54FF43A6D}.Release|Any CPU.ActiveCfg = Release|Any CPU
		{2C9346EB-8002-4BE3-ADA5-91A54FF43A6D}.Release|Any CPU.Build.0 = Release|Any CPU
		{FC14E23D-F8DB-4950-AD20-A86E717E0C98}.Debug|Any CPU.ActiveCfg = Debug|Any CPU
		{FC14E23D-F8DB-4950-AD20-A86E717E0C98}.Debug|Any CPU.Build.0 = Debug|Any CPU
		{FC14E23D-F8DB-4950-AD20-A86E717E0C98}.Release|Any CPU.ActiveCfg = Release|Any CPU
		{FC14E23D-F8DB-4950-AD20-A86E717E0C98}.Release|Any CPU.Build.0 = Release|Any CPU
		{D8CA9EDF-D70D-4663-B922-4EB87A2C1797}.Debug|Any CPU.ActiveCfg = Debug|Any CPU
		{D8CA9EDF-D70D-4663-B922-4EB87A2C1797}.Debug|Any CPU.Build.0 = Debug|Any CPU
		{D8CA9EDF-D70D-4663-B922-4EB87A2C1797}.Release|Any CPU.ActiveCfg = Release|Any CPU
		{D8CA9EDF-D70D-4663-B922-4EB87A2C1797}.Release|Any CPU.Build.0 = Release|Any CPU
		{DFD30E8D-EED1-4195-B040-B945924BDA5E}.Debug|Any CPU.ActiveCfg = Debug|Any CPU
		{DFD30E8D-EED1-4195-B040-B945924BDA5E}.Debug|Any CPU.Build.0 = Debug|Any CPU
		{DFD30E8D-EED1-4195-B040-B945924BDA5E}.Release|Any CPU.ActiveCfg = Release|Any CPU
		{DFD30E8D-EED1-4195-B040-B945924BDA5E}.Release|Any CPU.Build.0 = Release|Any CPU
		{C325E532-6E56-48EF-900A-A3E3CD8FC240}.Debug|Any CPU.ActiveCfg = Debug|Any CPU
		{C325E532-6E56-48EF-900A-A3E3CD8FC240}.Debug|Any CPU.Build.0 = Debug|Any CPU
		{C325E532-6E56-48EF-900A-A3E3CD8FC240}.Release|Any CPU.ActiveCfg = Release|Any CPU
		{C325E532-6E56-48EF-900A-A3E3CD8FC240}.Release|Any CPU.Build.0 = Release|Any CPU
		{A073B5BC-60C9-4BA1-8AF2-5898A793CA73}.Debug|Any CPU.ActiveCfg = Debug|Any CPU
		{A073B5BC-60C9-4BA1-8AF2-5898A793CA73}.Debug|Any CPU.Build.0 = Debug|Any CPU
		{A073B5BC-60C9-4BA1-8AF2-5898A793CA73}.Release|Any CPU.ActiveCfg = Release|Any CPU
		{A073B5BC-60C9-4BA1-8AF2-5898A793CA73}.Release|Any CPU.Build.0 = Release|Any CPU
		{90DEA2E8-6E87-4CCC-9D92-A15E42326981}.Debug|Any CPU.ActiveCfg = Debug|Any CPU
		{90DEA2E8-6E87-4CCC-9D92-A15E42326981}.Debug|Any CPU.Build.0 = Debug|Any CPU
		{90DEA2E8-6E87-4CCC-9D92-A15E42326981}.Release|Any CPU.ActiveCfg = Release|Any CPU
		{90DEA2E8-6E87-4CCC-9D92-A15E42326981}.Release|Any CPU.Build.0 = Release|Any CPU
		{F6871925-FFF5-492C-93D3-702E0C3B1070}.Debug|Any CPU.ActiveCfg = Debug|Any CPU
		{F6871925-FFF5-492C-93D3-702E0C3B1070}.Debug|Any CPU.Build.0 = Debug|Any CPU
		{F6871925-FFF5-492C-93D3-702E0C3B1070}.Release|Any CPU.ActiveCfg = Release|Any CPU
		{F6871925-FFF5-492C-93D3-702E0C3B1070}.Release|Any CPU.Build.0 = Release|Any CPU
		{9F7770D4-8F40-46D9-A134-9EFB262C31C0}.Debug|Any CPU.ActiveCfg = Debug|Any CPU
		{9F7770D4-8F40-46D9-A134-9EFB262C31C0}.Debug|Any CPU.Build.0 = Debug|Any CPU
		{9F7770D4-8F40-46D9-A134-9EFB262C31C0}.Release|Any CPU.ActiveCfg = Release|Any CPU
		{9F7770D4-8F40-46D9-A134-9EFB262C31C0}.Release|Any CPU.Build.0 = Release|Any CPU
		{CA77C244-22E3-4229-8C52-0F06C8288FDF}.Debug|Any CPU.ActiveCfg = Debug|Any CPU
		{CA77C244-22E3-4229-8C52-0F06C8288FDF}.Debug|Any CPU.Build.0 = Debug|Any CPU
		{CA77C244-22E3-4229-8C52-0F06C8288FDF}.Release|Any CPU.ActiveCfg = Release|Any CPU
		{CA77C244-22E3-4229-8C52-0F06C8288FDF}.Release|Any CPU.Build.0 = Release|Any CPU
		{1519ECC7-D4A4-4516-847A-FBF4A5E195F1}.Debug|Any CPU.ActiveCfg = Debug|Any CPU
		{1519ECC7-D4A4-4516-847A-FBF4A5E195F1}.Debug|Any CPU.Build.0 = Debug|Any CPU
		{1519ECC7-D4A4-4516-847A-FBF4A5E195F1}.Release|Any CPU.ActiveCfg = Release|Any CPU
		{1519ECC7-D4A4-4516-847A-FBF4A5E195F1}.Release|Any CPU.Build.0 = Release|Any CPU
		{185F1DDB-6C38-414B-90A0-1A560DDFDFF5}.Debug|Any CPU.ActiveCfg = Debug|Any CPU
		{185F1DDB-6C38-414B-90A0-1A560DDFDFF5}.Debug|Any CPU.Build.0 = Debug|Any CPU
		{185F1DDB-6C38-414B-90A0-1A560DDFDFF5}.Release|Any CPU.ActiveCfg = Release|Any CPU
		{185F1DDB-6C38-414B-90A0-1A560DDFDFF5}.Release|Any CPU.Build.0 = Release|Any CPU
		{C59CF4D3-0397-4DC4-B270-C397DF550DA9}.Debug|Any CPU.ActiveCfg = Debug|Any CPU
		{C59CF4D3-0397-4DC4-B270-C397DF550DA9}.Debug|Any CPU.Build.0 = Debug|Any CPU
		{C59CF4D3-0397-4DC4-B270-C397DF550DA9}.Release|Any CPU.ActiveCfg = Release|Any CPU
		{C59CF4D3-0397-4DC4-B270-C397DF550DA9}.Release|Any CPU.Build.0 = Release|Any CPU
		{92406CD2-9270-4397-949C-75E8568A0416}.Debug|Any CPU.ActiveCfg = Debug|Any CPU
		{92406CD2-9270-4397-949C-75E8568A0416}.Debug|Any CPU.Build.0 = Debug|Any CPU
		{92406CD2-9270-4397-949C-75E8568A0416}.Release|Any CPU.ActiveCfg = Release|Any CPU
		{92406CD2-9270-4397-949C-75E8568A0416}.Release|Any CPU.Build.0 = Release|Any CPU
		{73D7AC5E-39DF-46F6-B222-6560C6498570}.Debug|Any CPU.ActiveCfg = Debug|Any CPU
		{73D7AC5E-39DF-46F6-B222-6560C6498570}.Debug|Any CPU.Build.0 = Debug|Any CPU
		{73D7AC5E-39DF-46F6-B222-6560C6498570}.Release|Any CPU.ActiveCfg = Release|Any CPU
		{73D7AC5E-39DF-46F6-B222-6560C6498570}.Release|Any CPU.Build.0 = Release|Any CPU
		{64BA7976-382E-482A-8D37-7DE691C5F779}.Debug|Any CPU.ActiveCfg = Debug|Any CPU
		{64BA7976-382E-482A-8D37-7DE691C5F779}.Debug|Any CPU.Build.0 = Debug|Any CPU
		{64BA7976-382E-482A-8D37-7DE691C5F779}.Release|Any CPU.ActiveCfg = Release|Any CPU
		{64BA7976-382E-482A-8D37-7DE691C5F779}.Release|Any CPU.Build.0 = Release|Any CPU
		{7A81D062-CE54-45BD-B829-3473862A3E6F}.Debug|Any CPU.ActiveCfg = Debug|Any CPU
		{7A81D062-CE54-45BD-B829-3473862A3E6F}.Debug|Any CPU.Build.0 = Debug|Any CPU
		{7A81D062-CE54-45BD-B829-3473862A3E6F}.Release|Any CPU.ActiveCfg = Release|Any CPU
		{7A81D062-CE54-45BD-B829-3473862A3E6F}.Release|Any CPU.Build.0 = Release|Any CPU
		{612C7BC5-9C1F-4210-962C-FD55C93E465E}.Debug|Any CPU.ActiveCfg = Debug|Any CPU
		{612C7BC5-9C1F-4210-962C-FD55C93E465E}.Debug|Any CPU.Build.0 = Debug|Any CPU
		{612C7BC5-9C1F-4210-962C-FD55C93E465E}.Release|Any CPU.ActiveCfg = Release|Any CPU
		{612C7BC5-9C1F-4210-962C-FD55C93E465E}.Release|Any CPU.Build.0 = Release|Any CPU
		{799C8C15-2183-41A1-A95B-FC03BCB20306}.Debug|Any CPU.ActiveCfg = Debug|Any CPU
		{799C8C15-2183-41A1-A95B-FC03BCB20306}.Debug|Any CPU.Build.0 = Debug|Any CPU
		{799C8C15-2183-41A1-A95B-FC03BCB20306}.Release|Any CPU.ActiveCfg = Release|Any CPU
		{799C8C15-2183-41A1-A95B-FC03BCB20306}.Release|Any CPU.Build.0 = Release|Any CPU
		{A1ABBB0D-5D56-4DC5-B5E8-9BA37E9E5F7B}.Debug|Any CPU.ActiveCfg = Debug|Any CPU
		{A1ABBB0D-5D56-4DC5-B5E8-9BA37E9E5F7B}.Debug|Any CPU.Build.0 = Debug|Any CPU
		{A1ABBB0D-5D56-4DC5-B5E8-9BA37E9E5F7B}.Release|Any CPU.ActiveCfg = Release|Any CPU
		{A1ABBB0D-5D56-4DC5-B5E8-9BA37E9E5F7B}.Release|Any CPU.Build.0 = Release|Any CPU
		{57854B9B-1D22-475D-B3A6-982686699801}.Debug|Any CPU.ActiveCfg = Debug|Any CPU
		{57854B9B-1D22-475D-B3A6-982686699801}.Debug|Any CPU.Build.0 = Debug|Any CPU
		{57854B9B-1D22-475D-B3A6-982686699801}.Release|Any CPU.ActiveCfg = Release|Any CPU
		{57854B9B-1D22-475D-B3A6-982686699801}.Release|Any CPU.Build.0 = Release|Any CPU
		{1976864F-C95A-4CA3-A90B-8797DAA6B50D}.Debug|Any CPU.ActiveCfg = Debug|Any CPU
		{1976864F-C95A-4CA3-A90B-8797DAA6B50D}.Debug|Any CPU.Build.0 = Debug|Any CPU
		{1976864F-C95A-4CA3-A90B-8797DAA6B50D}.Release|Any CPU.ActiveCfg = Release|Any CPU
		{1976864F-C95A-4CA3-A90B-8797DAA6B50D}.Release|Any CPU.Build.0 = Release|Any CPU
		{B1BE95B7-C66A-4A78-A3D9-86E3CC0E7BFF}.Debug|Any CPU.ActiveCfg = Debug|Any CPU
		{B1BE95B7-C66A-4A78-A3D9-86E3CC0E7BFF}.Debug|Any CPU.Build.0 = Debug|Any CPU
		{B1BE95B7-C66A-4A78-A3D9-86E3CC0E7BFF}.Release|Any CPU.ActiveCfg = Release|Any CPU
		{B1BE95B7-C66A-4A78-A3D9-86E3CC0E7BFF}.Release|Any CPU.Build.0 = Release|Any CPU
		{0E3C2FF5-ADE5-4A44-B753-118E01BA16D3}.Debug|Any CPU.ActiveCfg = Debug|Any CPU
		{0E3C2FF5-ADE5-4A44-B753-118E01BA16D3}.Debug|Any CPU.Build.0 = Debug|Any CPU
		{0E3C2FF5-ADE5-4A44-B753-118E01BA16D3}.Release|Any CPU.ActiveCfg = Release|Any CPU
		{0E3C2FF5-ADE5-4A44-B753-118E01BA16D3}.Release|Any CPU.Build.0 = Release|Any CPU
		{AEB25323-3D39-49A3-A7A9-B817298339D4}.Debug|Any CPU.ActiveCfg = Debug|Any CPU
		{AEB25323-3D39-49A3-A7A9-B817298339D4}.Debug|Any CPU.Build.0 = Debug|Any CPU
		{AEB25323-3D39-49A3-A7A9-B817298339D4}.Release|Any CPU.ActiveCfg = Release|Any CPU
		{AEB25323-3D39-49A3-A7A9-B817298339D4}.Release|Any CPU.Build.0 = Release|Any CPU
		{618216B2-ACF1-485E-9CD6-24957D9E8EC0}.Debug|Any CPU.ActiveCfg = Debug|Any CPU
		{618216B2-ACF1-485E-9CD6-24957D9E8EC0}.Debug|Any CPU.Build.0 = Debug|Any CPU
		{618216B2-ACF1-485E-9CD6-24957D9E8EC0}.Release|Any CPU.ActiveCfg = Release|Any CPU
		{618216B2-ACF1-485E-9CD6-24957D9E8EC0}.Release|Any CPU.Build.0 = Release|Any CPU
		{C7FB5DD8-E386-46E1-9961-BA1084ADE51D}.Debug|Any CPU.ActiveCfg = Debug|Any CPU
		{C7FB5DD8-E386-46E1-9961-BA1084ADE51D}.Debug|Any CPU.Build.0 = Debug|Any CPU
		{C7FB5DD8-E386-46E1-9961-BA1084ADE51D}.Release|Any CPU.ActiveCfg = Release|Any CPU
		{C7FB5DD8-E386-46E1-9961-BA1084ADE51D}.Release|Any CPU.Build.0 = Release|Any CPU
		{4E982795-00EC-48FF-B4BC-7C80E338BDDE}.Debug|Any CPU.ActiveCfg = Debug|Any CPU
		{4E982795-00EC-48FF-B4BC-7C80E338BDDE}.Debug|Any CPU.Build.0 = Debug|Any CPU
		{4E982795-00EC-48FF-B4BC-7C80E338BDDE}.Release|Any CPU.ActiveCfg = Release|Any CPU
		{4E982795-00EC-48FF-B4BC-7C80E338BDDE}.Release|Any CPU.Build.0 = Release|Any CPU
		{583B0B55-E842-4963-8546-C03201F1D0C1}.Debug|Any CPU.ActiveCfg = Debug|Any CPU
		{583B0B55-E842-4963-8546-C03201F1D0C1}.Debug|Any CPU.Build.0 = Debug|Any CPU
		{583B0B55-E842-4963-8546-C03201F1D0C1}.Release|Any CPU.ActiveCfg = Release|Any CPU
		{583B0B55-E842-4963-8546-C03201F1D0C1}.Release|Any CPU.Build.0 = Release|Any CPU
		{C398B237-7841-490C-9C50-62C3F39772FE}.Debug|Any CPU.ActiveCfg = Debug|Any CPU
		{C398B237-7841-490C-9C50-62C3F39772FE}.Debug|Any CPU.Build.0 = Debug|Any CPU
		{C398B237-7841-490C-9C50-62C3F39772FE}.Release|Any CPU.ActiveCfg = Release|Any CPU
		{C398B237-7841-490C-9C50-62C3F39772FE}.Release|Any CPU.Build.0 = Release|Any CPU
		{E465C866-0996-4AD4-AA6B-61082B8920CE}.Debug|Any CPU.ActiveCfg = Debug|Any CPU
		{E465C866-0996-4AD4-AA6B-61082B8920CE}.Debug|Any CPU.Build.0 = Debug|Any CPU
		{E465C866-0996-4AD4-AA6B-61082B8920CE}.Release|Any CPU.ActiveCfg = Release|Any CPU
		{E465C866-0996-4AD4-AA6B-61082B8920CE}.Release|Any CPU.Build.0 = Release|Any CPU
		{6B23A924-C643-49D5-82E7-25D6884D8162}.Debug|Any CPU.ActiveCfg = Debug|Any CPU
		{6B23A924-C643-49D5-82E7-25D6884D8162}.Debug|Any CPU.Build.0 = Debug|Any CPU
		{6B23A924-C643-49D5-82E7-25D6884D8162}.Release|Any CPU.ActiveCfg = Release|Any CPU
		{6B23A924-C643-49D5-82E7-25D6884D8162}.Release|Any CPU.Build.0 = Release|Any CPU
	EndGlobalSection
	GlobalSection(NestedProjects) = preSolution
		{37887E29-4FD9-46AD-914E-5F38D82AEA36} = {DCF673B4-820A-481E-BB5E-3CE6B4A1B39A}
		{684D345A-BB22-49D3-8091-69973070D347} = {268CF6A7-C594-4479-9E8C-416E2E019D87}
		{5670F998-CE87-4856-BBD6-230A35DEC035} = {268CF6A7-C594-4479-9E8C-416E2E019D87}
		{A7CEB3D7-D527-451B-B2EC-67B1B22D260D} = {37887E29-4FD9-46AD-914E-5F38D82AEA36}
		{B62F925D-DE42-49DF-8159-8153B59B362F} = {37887E29-4FD9-46AD-914E-5F38D82AEA36}
		{E206DF31-6DEA-40DF-80D3-D9991CBAB4C8} = {37887E29-4FD9-46AD-914E-5F38D82AEA36}
		{F0C1DCA4-C8C2-441D-ADF7-CDF73F51B5CE} = {37887E29-4FD9-46AD-914E-5F38D82AEA36}
		{CD8210BC-6CD0-4BE1-8F92-FAE7540714DA} = {37887E29-4FD9-46AD-914E-5F38D82AEA36}
		{9F10A9D9-0C8B-46F7-994A-D7E0164CA180} = {37887E29-4FD9-46AD-914E-5F38D82AEA36}
		{01F714AE-4F17-48B6-8458-DCCD2F75438D} = {DCF673B4-820A-481E-BB5E-3CE6B4A1B39A}
		{FE1B0675-367D-4E6B-8F47-1D67F745EA4C} = {01F714AE-4F17-48B6-8458-DCCD2F75438D}
		{887A45A0-C164-4344-A552-631CD3595955} = {01F714AE-4F17-48B6-8458-DCCD2F75438D}
		{BE42C31E-31E2-45A6-A556-92A12A8A9321} = {01F714AE-4F17-48B6-8458-DCCD2F75438D}
		{2C9346EB-8002-4BE3-ADA5-91A54FF43A6D} = {01F714AE-4F17-48B6-8458-DCCD2F75438D}
		{FC14E23D-F8DB-4950-AD20-A86E717E0C98} = {01F714AE-4F17-48B6-8458-DCCD2F75438D}
		{D8CA9EDF-D70D-4663-B922-4EB87A2C1797} = {01F714AE-4F17-48B6-8458-DCCD2F75438D}
		{DFD30E8D-EED1-4195-B040-B945924BDA5E} = {01F714AE-4F17-48B6-8458-DCCD2F75438D}
		{75BA6934-4091-42F0-A4F0-3DA0121C9B34} = {DCF673B4-820A-481E-BB5E-3CE6B4A1B39A}
		{C325E532-6E56-48EF-900A-A3E3CD8FC240} = {75BA6934-4091-42F0-A4F0-3DA0121C9B34}
		{A073B5BC-60C9-4BA1-8AF2-5898A793CA73} = {75BA6934-4091-42F0-A4F0-3DA0121C9B34}
		{90DEA2E8-6E87-4CCC-9D92-A15E42326981} = {75BA6934-4091-42F0-A4F0-3DA0121C9B34}
		{F6871925-FFF5-492C-93D3-702E0C3B1070} = {75BA6934-4091-42F0-A4F0-3DA0121C9B34}
		{9F7770D4-8F40-46D9-A134-9EFB262C31C0} = {75BA6934-4091-42F0-A4F0-3DA0121C9B34}
		{CA77C244-22E3-4229-8C52-0F06C8288FDF} = {75BA6934-4091-42F0-A4F0-3DA0121C9B34}
		{1519ECC7-D4A4-4516-847A-FBF4A5E195F1} = {75BA6934-4091-42F0-A4F0-3DA0121C9B34}
		{38379C4B-4E14-4AAC-BA62-AB6446DC53BC} = {DCF673B4-820A-481E-BB5E-3CE6B4A1B39A}
		{185F1DDB-6C38-414B-90A0-1A560DDFDFF5} = {38379C4B-4E14-4AAC-BA62-AB6446DC53BC}
		{C59CF4D3-0397-4DC4-B270-C397DF550DA9} = {38379C4B-4E14-4AAC-BA62-AB6446DC53BC}
		{92406CD2-9270-4397-949C-75E8568A0416} = {38379C4B-4E14-4AAC-BA62-AB6446DC53BC}
		{73D7AC5E-39DF-46F6-B222-6560C6498570} = {38379C4B-4E14-4AAC-BA62-AB6446DC53BC}
		{64BA7976-382E-482A-8D37-7DE691C5F779} = {38379C4B-4E14-4AAC-BA62-AB6446DC53BC}
		{7A81D062-CE54-45BD-B829-3473862A3E6F} = {38379C4B-4E14-4AAC-BA62-AB6446DC53BC}
		{612C7BC5-9C1F-4210-962C-FD55C93E465E} = {38379C4B-4E14-4AAC-BA62-AB6446DC53BC}
		{E2E24C92-78EF-4059-948A-F421849A885C} = {DCF673B4-820A-481E-BB5E-3CE6B4A1B39A}
		{799C8C15-2183-41A1-A95B-FC03BCB20306} = {E2E24C92-78EF-4059-948A-F421849A885C}
		{A1ABBB0D-5D56-4DC5-B5E8-9BA37E9E5F7B} = {E2E24C92-78EF-4059-948A-F421849A885C}
		{57854B9B-1D22-475D-B3A6-982686699801} = {E2E24C92-78EF-4059-948A-F421849A885C}
		{1976864F-C95A-4CA3-A90B-8797DAA6B50D} = {E2E24C92-78EF-4059-948A-F421849A885C}
		{B1BE95B7-C66A-4A78-A3D9-86E3CC0E7BFF} = {E2E24C92-78EF-4059-948A-F421849A885C}
		{0E3C2FF5-ADE5-4A44-B753-118E01BA16D3} = {E2E24C92-78EF-4059-948A-F421849A885C}
		{AEB25323-3D39-49A3-A7A9-B817298339D4} = {E2E24C92-78EF-4059-948A-F421849A885C}
		{F164A8CC-F156-41E4-AD85-18B4E43F0B58} = {DCF673B4-820A-481E-BB5E-3CE6B4A1B39A}
		{618216B2-ACF1-485E-9CD6-24957D9E8EC0} = {F164A8CC-F156-41E4-AD85-18B4E43F0B58}
		{C7FB5DD8-E386-46E1-9961-BA1084ADE51D} = {F164A8CC-F156-41E4-AD85-18B4E43F0B58}
		{4E982795-00EC-48FF-B4BC-7C80E338BDDE} = {F164A8CC-F156-41E4-AD85-18B4E43F0B58}
		{583B0B55-E842-4963-8546-C03201F1D0C1} = {F164A8CC-F156-41E4-AD85-18B4E43F0B58}
		{C398B237-7841-490C-9C50-62C3F39772FE} = {F164A8CC-F156-41E4-AD85-18B4E43F0B58}
		{E465C866-0996-4AD4-AA6B-61082B8920CE} = {F164A8CC-F156-41E4-AD85-18B4E43F0B58}
		{6B23A924-C643-49D5-82E7-25D6884D8162} = {F164A8CC-F156-41E4-AD85-18B4E43F0B58}
	EndGlobalSection
EndGlobal
